// !$*UTF8*$!
{
	archiveVersion = 1;
	classes = {
	};
	objectVersion = 54;
	objects = {

/* Begin PBXBuildFile section */
		00E356F31AD99517003FC87E /* clientTests.m in Sources */ = {isa = PBXBuildFile; fileRef = 00E356F21AD99517003FC87E /* clientTests.m */; };
		0C80B921A6F3F58F76C31292 /* libPods-client.a in Frameworks */ = {isa = PBXBuildFile; fileRef = 5DCACB8F33CDC322A6C60F78 /* libPods-client.a */; };
		13B07FBC1A68108700A75B9A /* AppDelegate.mm in Sources */ = {isa = PBXBuildFile; fileRef = 13B07FB01A68108700A75B9A /* AppDelegate.mm */; };
		13B07FBF1A68108700A75B9A /* Images.xcassets in Resources */ = {isa = PBXBuildFile; fileRef = 13B07FB51A68108700A75B9A /* Images.xcassets */; };
		13B07FC11A68108700A75B9A /* main.m in Sources */ = {isa = PBXBuildFile; fileRef = 13B07FB71A68108700A75B9A /* main.m */; };
		7699B88040F8A987B510C191 /* libPods-client-clientTests.a in Frameworks */ = {isa = PBXBuildFile; fileRef = 19F6CBCC0A4E27FBF8BF4A61 /* libPods-client-clientTests.a */; };
		81AB9BB82411601600AC10FF /* LaunchScreen.storyboard in Resources */ = {isa = PBXBuildFile; fileRef = 81AB9BB72411601600AC10FF /* LaunchScreen.storyboard */; };
		DE03E21A4EE84103B1B7CC76 /* AntDesign.ttf in Resources */ = {isa = PBXBuildFile; fileRef = 3D2E4331AA174667BA91F324 /* AntDesign.ttf */; };
		99EC44BD078845F6A068E59C /* Entypo.ttf in Resources */ = {isa = PBXBuildFile; fileRef = F9064622134C41B18417F488 /* Entypo.ttf */; };
		D9A0DD24860644A8A27B32A9 /* EvilIcons.ttf in Resources */ = {isa = PBXBuildFile; fileRef = 2BE6736997CB4E6E97E273FA /* EvilIcons.ttf */; };
		8D424BA77EC0452D8529D0D7 /* Feather.ttf in Resources */ = {isa = PBXBuildFile; fileRef = 942D680F71E74F3A83C23920 /* Feather.ttf */; };
		9ABC271D6E3D4CDB9DABC774 /* FontAwesome.ttf in Resources */ = {isa = PBXBuildFile; fileRef = 0FD484AEC42B4A3397507929 /* FontAwesome.ttf */; };
		1066DB44F5F64B899D6C4DA3 /* FontAwesome5_Brands.ttf in Resources */ = {isa = PBXBuildFile; fileRef = 1BBA20608A1B4C698B74049D /* FontAwesome5_Brands.ttf */; };
		FBEF014F545A4AD9AA9D83AF /* FontAwesome5_Regular.ttf in Resources */ = {isa = PBXBuildFile; fileRef = D431D8CC16AC4B68914A9ECF /* FontAwesome5_Regular.ttf */; };
		0B47006B07734D47A43BBB90 /* FontAwesome5_Solid.ttf in Resources */ = {isa = PBXBuildFile; fileRef = 9158D72A1D7941878779E0CD /* FontAwesome5_Solid.ttf */; };
		F4FD0E6B38394A3FB3E48458 /* Fontisto.ttf in Resources */ = {isa = PBXBuildFile; fileRef = 802B49B2C9C94FD997B86456 /* Fontisto.ttf */; };
		4C9E7DA1A6134F9ABF60E0B7 /* Foundation.ttf in Resources */ = {isa = PBXBuildFile; fileRef = 9F87F1FD09C2477AB8095671 /* Foundation.ttf */; };
		299FB5173FAC42B4A92523E5 /* Ionicons.ttf in Resources */ = {isa = PBXBuildFile; fileRef = AB036C63265D49078B86CBA0 /* Ionicons.ttf */; };
		FA461C4080CD4DAB8F5EB0EB /* MaterialCommunityIcons.ttf in Resources */ = {isa = PBXBuildFile; fileRef = E664636B946C4CF1928AF400 /* MaterialCommunityIcons.ttf */; };
		7A97BACC03AB4DF09063DDF9 /* MaterialIcons.ttf in Resources */ = {isa = PBXBuildFile; fileRef = 0CCD09D7926F45FFB7D2F9C0 /* MaterialIcons.ttf */; };
		81DF4E39B3AC4A66A927FD0A /* Octicons.ttf in Resources */ = {isa = PBXBuildFile; fileRef = 9E41EDAFE5094E04AC64F19A /* Octicons.ttf */; };
		5C85D4C89F9C460EAD3143CF /* SimpleLineIcons.ttf in Resources */ = {isa = PBXBuildFile; fileRef = A9096E7581544F288C73FC6B /* SimpleLineIcons.ttf */; };
		011A85B79AB84E13A1F7CB51 /* Zocial.ttf in Resources */ = {isa = PBXBuildFile; fileRef = F2F855FF059E427CBC8D2F03 /* Zocial.ttf */; };
		2D19D4BF049C49F9B769ED96 /* AntDesign.ttf in Resources */ = {isa = PBXBuildFile; fileRef = C15D5417059B4E01BCB87FA9 /* AntDesign.ttf */; };
		BE4A2A90B010483FB7364E08 /* Entypo.ttf in Resources */ = {isa = PBXBuildFile; fileRef = 9FBE76D453204070A717FC5D /* Entypo.ttf */; };
		D3CFA1172C624B2888F4874F /* EvilIcons.ttf in Resources */ = {isa = PBXBuildFile; fileRef = ED7E3D9D61734EC88A4028CA /* EvilIcons.ttf */; };
		D303044EC6C640428C04FEF2 /* Feather.ttf in Resources */ = {isa = PBXBuildFile; fileRef = 95051F05AC5E4127BBC1667A /* Feather.ttf */; };
		1BA5573744FC4A1EB2483E45 /* FontAwesome.ttf in Resources */ = {isa = PBXBuildFile; fileRef = 2CE3CCA5C57144BEA0DC12D2 /* FontAwesome.ttf */; };
		F2CA6A0AAF5348D98C51B44A /* FontAwesome5_Brands.ttf in Resources */ = {isa = PBXBuildFile; fileRef = A9B8AF99529A4930B573743C /* FontAwesome5_Brands.ttf */; };
		066F08FAA7E84949AFFFB0CA /* FontAwesome5_Regular.ttf in Resources */ = {isa = PBXBuildFile; fileRef = 18AC7AF0309B48F2B6E78F05 /* FontAwesome5_Regular.ttf */; };
		B28525D1521F4A5B8C7AB64B /* FontAwesome5_Solid.ttf in Resources */ = {isa = PBXBuildFile; fileRef = D369482C15084A44A9BF521E /* FontAwesome5_Solid.ttf */; };
		73AB079D69914BFC9C5EA4F7 /* Fontisto.ttf in Resources */ = {isa = PBXBuildFile; fileRef = 9D36DA6E82394A17BFF033A5 /* Fontisto.ttf */; };
		19D40C9BF77A4783B7E1C3D3 /* Foundation.ttf in Resources */ = {isa = PBXBuildFile; fileRef = 390E39769F2644E49E51FE47 /* Foundation.ttf */; };
		7815E575CAF2405B8B499B60 /* Ionicons.ttf in Resources */ = {isa = PBXBuildFile; fileRef = E489ACEFD82D4F9EB2310464 /* Ionicons.ttf */; };
		69A2A1D69AD1483B91858056 /* MaterialCommunityIcons.ttf in Resources */ = {isa = PBXBuildFile; fileRef = 1C29D1946FB54D09916CBF21 /* MaterialCommunityIcons.ttf */; };
		11251701C82148C5B0442A0C /* MaterialIcons.ttf in Resources */ = {isa = PBXBuildFile; fileRef = 4FECED0F91BE40B0B8B54BC3 /* MaterialIcons.ttf */; };
		32D39757B93C4679868CEB34 /* Octicons.ttf in Resources */ = {isa = PBXBuildFile; fileRef = AD90B94563474BE8938CBF12 /* Octicons.ttf */; };
		902B56BD2D28476385A1E986 /* SimpleLineIcons.ttf in Resources */ = {isa = PBXBuildFile; fileRef = 42678993BEBE4B49BCB1B82C /* SimpleLineIcons.ttf */; };
		74EC49A550DF426BAE1DD4EF /* Zocial.ttf in Resources */ = {isa = PBXBuildFile; fileRef = 4027674FCD7246B2924B6223 /* Zocial.ttf */; };
		BA20CEA5BECD447B9500DDF4 /* NotoSerif-Bold.ttf in Resources */ = {isa = PBXBuildFile; fileRef = 85DBB6F5EB8241E0A281E10C /* NotoSerif-Bold.ttf */; };
		410CBB1825EE4C5AAB517CB6 /* NotoSerif-BoldItalic.ttf in Resources */ = {isa = PBXBuildFile; fileRef = 22C754D6FC994FACADEB71AE /* NotoSerif-BoldItalic.ttf */; };
		F9F55B68594A4E7DB0717861 /* NotoSerif-Italic.ttf in Resources */ = {isa = PBXBuildFile; fileRef = 852469F549264C458A3E594C /* NotoSerif-Italic.ttf */; };
		F3ADE674F4434A048502FB67 /* NotoSerif-Regular.ttf in Resources */ = {isa = PBXBuildFile; fileRef = B0257FFC8C61441E8586F004 /* NotoSerif-Regular.ttf */; };
		EC511D44F0324E2E8F8AEE1C /* PlayfairDisplay-Black.ttf in Resources */ = {isa = PBXBuildFile; fileRef = 57888A1B17254381838190E4 /* PlayfairDisplay-Black.ttf */; };
		E025112C8F90405CB0B1C0F9 /* PlayfairDisplay-BlackItalic.ttf in Resources */ = {isa = PBXBuildFile; fileRef = 9E857F138E504F47B2E63D57 /* PlayfairDisplay-BlackItalic.ttf */; };
		878A2BE39239411FA9F72402 /* PlayfairDisplay-Bold.ttf in Resources */ = {isa = PBXBuildFile; fileRef = B82A2F3604754A03B1A67987 /* PlayfairDisplay-Bold.ttf */; };
		8C48F46289AF4681A4A56AB9 /* PlayfairDisplay-BoldItalic.ttf in Resources */ = {isa = PBXBuildFile; fileRef = CD4EA37DA54A47498160C1E0 /* PlayfairDisplay-BoldItalic.ttf */; };
		3FC3C3EDAA424130AB007792 /* PlayfairDisplay-ExtraBold.ttf in Resources */ = {isa = PBXBuildFile; fileRef = 7616702EC5684C49B69ACC58 /* PlayfairDisplay-ExtraBold.ttf */; };
		ECCC28480A6E4A32ADCC976C /* PlayfairDisplay-ExtraBoldItalic.ttf in Resources */ = {isa = PBXBuildFile; fileRef = 63637C2DAC1C4CA5ABC0073C /* PlayfairDisplay-ExtraBoldItalic.ttf */; };
		D44D3BE693C34F7A9E912355 /* PlayfairDisplay-Italic-VariableFont_wght.ttf in Resources */ = {isa = PBXBuildFile; fileRef = 02416137CF3A42348101B855 /* PlayfairDisplay-Italic-VariableFont_wght.ttf */; };
		9883B679F53E4E828E1E4D64 /* PlayfairDisplay-Italic.ttf in Resources */ = {isa = PBXBuildFile; fileRef = 5C7C21CD0D4D4E3EA096602B /* PlayfairDisplay-Italic.ttf */; };
		2DBD109FE2C14C2EBE0555C0 /* PlayfairDisplay-Medium.ttf in Resources */ = {isa = PBXBuildFile; fileRef = B80F1895C77E4251ABE96BEF /* PlayfairDisplay-Medium.ttf */; };
		81BB3C12AD024042AB594668 /* PlayfairDisplay-MediumItalic.ttf in Resources */ = {isa = PBXBuildFile; fileRef = 56FC650CF2C74457B3F6938E /* PlayfairDisplay-MediumItalic.ttf */; };
		BA0F12B3B0DA4F478178F6CC /* PlayfairDisplay-Regular.ttf in Resources */ = {isa = PBXBuildFile; fileRef = 6000BF634A3848FE89B4283F /* PlayfairDisplay-Regular.ttf */; };
		F5F5C32D5FF54A13AEF507D4 /* PlayfairDisplay-SemiBold.ttf in Resources */ = {isa = PBXBuildFile; fileRef = D94A97C23099422FAAB0EB8C /* PlayfairDisplay-SemiBold.ttf */; };
		2073949E871E4D7488B92FA7 /* PlayfairDisplay-SemiBoldItalic.ttf in Resources */ = {isa = PBXBuildFile; fileRef = 6A2B30A0586542BD864F2062 /* PlayfairDisplay-SemiBoldItalic.ttf */; };
		8842B27701724A548D5B44FC /* PlayfairDisplay-VariableFont_wght.ttf in Resources */ = {isa = PBXBuildFile; fileRef = 9D1C75865F4D433E92FB2C7F /* PlayfairDisplay-VariableFont_wght.ttf */; };
		818CDAE245E949DE9A961902 /* Roboto-Black.ttf in Resources */ = {isa = PBXBuildFile; fileRef = A26D43DCC6AA4C1DAE66BA0B /* Roboto-Black.ttf */; };
		967382450D0F4DFAA66282FD /* Roboto-BlackItalic.ttf in Resources */ = {isa = PBXBuildFile; fileRef = B40B5B8E2D4C4F7290049344 /* Roboto-BlackItalic.ttf */; };
		7FA8107C436642D6975F2E0D /* Roboto-Bold.ttf in Resources */ = {isa = PBXBuildFile; fileRef = E15FA95F92B146BDB21A8647 /* Roboto-Bold.ttf */; };
		BF5FEC694DA04B4E9DD9D7BD /* Roboto-BoldItalic.ttf in Resources */ = {isa = PBXBuildFile; fileRef = 813AC9AA070647BA8ACF04A4 /* Roboto-BoldItalic.ttf */; };
		B4612DD91A5C44B5A03D0889 /* Roboto-Italic.ttf in Resources */ = {isa = PBXBuildFile; fileRef = 3251E0A10DDA45D68D803A1F /* Roboto-Italic.ttf */; };
		7A48159372714BD5B7CEFC4A /* Roboto-Light.ttf in Resources */ = {isa = PBXBuildFile; fileRef = 8E4C9CE7CA824D4EB4EA6579 /* Roboto-Light.ttf */; };
		F67D81D500F84F8A8612D090 /* Roboto-LightItalic.ttf in Resources */ = {isa = PBXBuildFile; fileRef = E5BEA23922504FE7AA6B28C8 /* Roboto-LightItalic.ttf */; };
		A694853F5F584C5DA7D4D4D7 /* Roboto-Medium.ttf in Resources */ = {isa = PBXBuildFile; fileRef = 216E74A882DF48D38A07C79F /* Roboto-Medium.ttf */; };
		7E4CC207107B4BF8AB1C23D9 /* Roboto-MediumItalic.ttf in Resources */ = {isa = PBXBuildFile; fileRef = 7313F8CFE0B1402FB8CA5DA4 /* Roboto-MediumItalic.ttf */; };
		20CC61F23A2B4E3B97E96931 /* Roboto-Regular.ttf in Resources */ = {isa = PBXBuildFile; fileRef = 084E26749A964C0A84A7E282 /* Roboto-Regular.ttf */; };
		AEEF279518D04313991EB1A4 /* Roboto-Thin.ttf in Resources */ = {isa = PBXBuildFile; fileRef = EFD96A5872A34509873BEC67 /* Roboto-Thin.ttf */; };
		6EFA9E046DB94078AE641B37 /* Roboto-ThinItalic.ttf in Resources */ = {isa = PBXBuildFile; fileRef = 44169F04721442FA86C4E85B /* Roboto-ThinItalic.ttf */; };
		9CDBBAA6E80346F788B582F8 /* RobotoMono-Bold.ttf in Resources */ = {isa = PBXBuildFile; fileRef = 00B7657377DF4F848FF1A9B0 /* RobotoMono-Bold.ttf */; };
		F84F633A10AC4EEAB4CC17C7 /* RobotoMono-BoldItalic.ttf in Resources */ = {isa = PBXBuildFile; fileRef = 829D97E95BF946FDA36BCB81 /* RobotoMono-BoldItalic.ttf */; };
		362E71F72AE9448DA0DE6308 /* RobotoMono-ExtraLight.ttf in Resources */ = {isa = PBXBuildFile; fileRef = 2A95E3719BEC42B0846EE440 /* RobotoMono-ExtraLight.ttf */; };
		786F20681D124FF8A5EA7073 /* RobotoMono-ExtraLightItalic.ttf in Resources */ = {isa = PBXBuildFile; fileRef = F5C53AC5D7D940F1B8FB3577 /* RobotoMono-ExtraLightItalic.ttf */; };
		02F458D54D3840E5B59F08E6 /* RobotoMono-Italic-VariableFont_wght.ttf in Resources */ = {isa = PBXBuildFile; fileRef = 18908344802E402B9E12926C /* RobotoMono-Italic-VariableFont_wght.ttf */; };
		023CC2C93F574EA68EC51F2B /* RobotoMono-Italic.ttf in Resources */ = {isa = PBXBuildFile; fileRef = B48F36556F1C4637AF713C6E /* RobotoMono-Italic.ttf */; };
		9182C4BE015C43CEAFD166EF /* RobotoMono-Light.ttf in Resources */ = {isa = PBXBuildFile; fileRef = 932D58D8C83A4BA2B8EFB724 /* RobotoMono-Light.ttf */; };
		49D54A3924A14B808A9794EF /* RobotoMono-LightItalic.ttf in Resources */ = {isa = PBXBuildFile; fileRef = CC4AF130AF6C4216B9F0A708 /* RobotoMono-LightItalic.ttf */; };
		9368EEF8CFE94A3DB451CAAA /* RobotoMono-Medium.ttf in Resources */ = {isa = PBXBuildFile; fileRef = 41FB5364446B4F15A595C9EE /* RobotoMono-Medium.ttf */; };
		D162CC25559649EB8D842BE4 /* RobotoMono-MediumItalic.ttf in Resources */ = {isa = PBXBuildFile; fileRef = 25DCD95E6154499E9471E665 /* RobotoMono-MediumItalic.ttf */; };
		B5DB29A51352426C9083EE83 /* RobotoMono-Regular.ttf in Resources */ = {isa = PBXBuildFile; fileRef = 93C3336C7A8449CAAB0F19C7 /* RobotoMono-Regular.ttf */; };
		F8EB1732D9244F8DA6F6BFD2 /* RobotoMono-SemiBold.ttf in Resources */ = {isa = PBXBuildFile; fileRef = 6A1F112205574D5EB39D707C /* RobotoMono-SemiBold.ttf */; };
		1E014C0D9E19478EADE6BBE6 /* RobotoMono-SemiBoldItalic.ttf in Resources */ = {isa = PBXBuildFile; fileRef = F0F3A5E882E646FFAE86E12C /* RobotoMono-SemiBoldItalic.ttf */; };
		97F12ED65BAA431383FC4D69 /* RobotoMono-Thin.ttf in Resources */ = {isa = PBXBuildFile; fileRef = D3B012E723B144A093669B52 /* RobotoMono-Thin.ttf */; };
		CDD0E7EB40664365A067C227 /* RobotoMono-ThinItalic.ttf in Resources */ = {isa = PBXBuildFile; fileRef = 31FEBD6C68E840578BB9E483 /* RobotoMono-ThinItalic.ttf */; };
		6A6433993B6F4120BD447E63 /* RobotoMono-VariableFont_wght.ttf in Resources */ = {isa = PBXBuildFile; fileRef = 6D43F3E3E0954A74860955D1 /* RobotoMono-VariableFont_wght.ttf */; };
		421AB802BE9443E392558886 /* AntDesign.ttf in Resources */ = {isa = PBXBuildFile; fileRef = 799A4ECA923B40B694433740 /* AntDesign.ttf */; };
		60A104B9660A4FBD858AE9C3 /* Entypo.ttf in Resources */ = {isa = PBXBuildFile; fileRef = 904CF4E3389147F4A31594C9 /* Entypo.ttf */; };
		E1DC4F4D1C664DF8A3C2D722 /* EvilIcons.ttf in Resources */ = {isa = PBXBuildFile; fileRef = E05082F5BCFA48DA98FFFBB3 /* EvilIcons.ttf */; };
		FA74FFFB1B5A4ECEA858A556 /* Feather.ttf in Resources */ = {isa = PBXBuildFile; fileRef = 35A429631BCC4DE3949E376E /* Feather.ttf */; };
		1A482F334F0C4CC39029B3F1 /* FontAwesome.ttf in Resources */ = {isa = PBXBuildFile; fileRef = ADEEC1704ABF44CF8E6A7A9F /* FontAwesome.ttf */; };
		BF4284D4A5EB44ECA374727A /* FontAwesome5_Brands.ttf in Resources */ = {isa = PBXBuildFile; fileRef = 1CDA474F0C054D7F9C23A0EE /* FontAwesome5_Brands.ttf */; };
		1ACBE0913869492FB3A72B92 /* FontAwesome5_Regular.ttf in Resources */ = {isa = PBXBuildFile; fileRef = 654D14C2731442DDB173C559 /* FontAwesome5_Regular.ttf */; };
		DCA38EB90BC74119AA564637 /* FontAwesome5_Solid.ttf in Resources */ = {isa = PBXBuildFile; fileRef = BAA1B4825DA44621B8EA975C /* FontAwesome5_Solid.ttf */; };
		A2FAA720BBA148E6919D8CE8 /* Fontisto.ttf in Resources */ = {isa = PBXBuildFile; fileRef = 5919A8229366431E8B370750 /* Fontisto.ttf */; };
		5C69FAF45E044674A038727A /* Foundation.ttf in Resources */ = {isa = PBXBuildFile; fileRef = 6016C3BC41664DF9AC10FA22 /* Foundation.ttf */; };
		810639C1CF0E446DB092C1BC /* Ionicons.ttf in Resources */ = {isa = PBXBuildFile; fileRef = 7AA969C822D74B22964FBF6B /* Ionicons.ttf */; };
		2950E599EEE54C2E971ABF6F /* MaterialCommunityIcons.ttf in Resources */ = {isa = PBXBuildFile; fileRef = 74D999D609FA4D72860663DD /* MaterialCommunityIcons.ttf */; };
		49AFF2FD96BA471FB0665456 /* MaterialIcons.ttf in Resources */ = {isa = PBXBuildFile; fileRef = A9CECB2E5B064863A3BBF2D1 /* MaterialIcons.ttf */; };
		75F01A7908EA4DDE9E432846 /* Octicons.ttf in Resources */ = {isa = PBXBuildFile; fileRef = 251121D385D54F36ACF78E91 /* Octicons.ttf */; };
		D1465948F5FF4A6CA00798D7 /* SimpleLineIcons.ttf in Resources */ = {isa = PBXBuildFile; fileRef = 57AD134E758C45E8A4F8C34D /* SimpleLineIcons.ttf */; };
		38C871202C544BE59B879340 /* Zocial.ttf in Resources */ = {isa = PBXBuildFile; fileRef = FC4C73C751DF4A8D83D306D8 /* Zocial.ttf */; };
/* End PBXBuildFile section */

/* Begin PBXContainerItemProxy section */
		00E356F41AD99517003FC87E /* PBXContainerItemProxy */ = {
			isa = PBXContainerItemProxy;
			containerPortal = 83CBB9F71A601CBA00E9B192 /* Project object */;
			proxyType = 1;
			remoteGlobalIDString = 13B07F861A680F5B00A75B9A;
			remoteInfo = client;
		};
/* End PBXContainerItemProxy section */

/* Begin PBXFileReference section */
		00E356EE1AD99517003FC87E /* clientTests.xctest */ = {isa = PBXFileReference; explicitFileType = wrapper.cfbundle; includeInIndex = 0; path = clientTests.xctest; sourceTree = BUILT_PRODUCTS_DIR; };
		00E356F11AD99517003FC87E /* Info.plist */ = {isa = PBXFileReference; lastKnownFileType = text.plist.xml; path = Info.plist; sourceTree = "<group>"; };
		00E356F21AD99517003FC87E /* clientTests.m */ = {isa = PBXFileReference; lastKnownFileType = sourcecode.c.objc; path = clientTests.m; sourceTree = "<group>"; };
		13B07F961A680F5B00A75B9A /* client.app */ = {isa = PBXFileReference; explicitFileType = wrapper.application; includeInIndex = 0; path = client.app; sourceTree = BUILT_PRODUCTS_DIR; };
		13B07FAF1A68108700A75B9A /* AppDelegate.h */ = {isa = PBXFileReference; fileEncoding = 4; lastKnownFileType = sourcecode.c.h; name = AppDelegate.h; path = client/AppDelegate.h; sourceTree = "<group>"; };
		13B07FB01A68108700A75B9A /* AppDelegate.mm */ = {isa = PBXFileReference; fileEncoding = 4; lastKnownFileType = sourcecode.cpp.objcpp; name = AppDelegate.mm; path = client/AppDelegate.mm; sourceTree = "<group>"; };
		13B07FB51A68108700A75B9A /* Images.xcassets */ = {isa = PBXFileReference; lastKnownFileType = folder.assetcatalog; name = Images.xcassets; path = client/Images.xcassets; sourceTree = "<group>"; };
		13B07FB61A68108700A75B9A /* Info.plist */ = {isa = PBXFileReference; fileEncoding = 4; lastKnownFileType = text.plist.xml; name = Info.plist; path = client/Info.plist; sourceTree = "<group>"; };
		13B07FB71A68108700A75B9A /* main.m */ = {isa = PBXFileReference; fileEncoding = 4; lastKnownFileType = sourcecode.c.objc; name = main.m; path = client/main.m; sourceTree = "<group>"; };
		19F6CBCC0A4E27FBF8BF4A61 /* libPods-client-clientTests.a */ = {isa = PBXFileReference; explicitFileType = archive.ar; includeInIndex = 0; path = "libPods-client-clientTests.a"; sourceTree = BUILT_PRODUCTS_DIR; };
		3B4392A12AC88292D35C810B /* Pods-client.debug.xcconfig */ = {isa = PBXFileReference; includeInIndex = 1; lastKnownFileType = text.xcconfig; name = "Pods-client.debug.xcconfig"; path = "Target Support Files/Pods-client/Pods-client.debug.xcconfig"; sourceTree = "<group>"; };
		5709B34CF0A7D63546082F79 /* Pods-client.release.xcconfig */ = {isa = PBXFileReference; includeInIndex = 1; lastKnownFileType = text.xcconfig; name = "Pods-client.release.xcconfig"; path = "Target Support Files/Pods-client/Pods-client.release.xcconfig"; sourceTree = "<group>"; };
		5B7EB9410499542E8C5724F5 /* Pods-client-clientTests.debug.xcconfig */ = {isa = PBXFileReference; includeInIndex = 1; lastKnownFileType = text.xcconfig; name = "Pods-client-clientTests.debug.xcconfig"; path = "Target Support Files/Pods-client-clientTests/Pods-client-clientTests.debug.xcconfig"; sourceTree = "<group>"; };
		5DCACB8F33CDC322A6C60F78 /* libPods-client.a */ = {isa = PBXFileReference; explicitFileType = archive.ar; includeInIndex = 0; path = "libPods-client.a"; sourceTree = BUILT_PRODUCTS_DIR; };
		81AB9BB72411601600AC10FF /* LaunchScreen.storyboard */ = {isa = PBXFileReference; fileEncoding = 4; lastKnownFileType = file.storyboard; name = LaunchScreen.storyboard; path = client/LaunchScreen.storyboard; sourceTree = "<group>"; };
		89C6BE57DB24E9ADA2F236DE /* Pods-client-clientTests.release.xcconfig */ = {isa = PBXFileReference; includeInIndex = 1; lastKnownFileType = text.xcconfig; name = "Pods-client-clientTests.release.xcconfig"; path = "Target Support Files/Pods-client-clientTests/Pods-client-clientTests.release.xcconfig"; sourceTree = "<group>"; };
		ED297162215061F000B7C4FE /* JavaScriptCore.framework */ = {isa = PBXFileReference; lastKnownFileType = wrapper.framework; name = JavaScriptCore.framework; path = System/Library/Frameworks/JavaScriptCore.framework; sourceTree = SDKROOT; };
		85DBB6F5EB8241E0A281E10C /* NotoSerif-Bold.ttf */ = {isa = PBXFileReference; name = "NotoSerif-Bold.ttf"; path = "../assets/fonts/NotoSerif-Bold.ttf"; sourceTree = "<group>"; fileEncoding = undefined; lastKnownFileType = unknown; explicitFileType = undefined; includeInIndex = 0; };
		22C754D6FC994FACADEB71AE /* NotoSerif-BoldItalic.ttf */ = {isa = PBXFileReference; name = "NotoSerif-BoldItalic.ttf"; path = "../assets/fonts/NotoSerif-BoldItalic.ttf"; sourceTree = "<group>"; fileEncoding = undefined; lastKnownFileType = unknown; explicitFileType = undefined; includeInIndex = 0; };
		852469F549264C458A3E594C /* NotoSerif-Italic.ttf */ = {isa = PBXFileReference; name = "NotoSerif-Italic.ttf"; path = "../assets/fonts/NotoSerif-Italic.ttf"; sourceTree = "<group>"; fileEncoding = undefined; lastKnownFileType = unknown; explicitFileType = undefined; includeInIndex = 0; };
		B0257FFC8C61441E8586F004 /* NotoSerif-Regular.ttf */ = {isa = PBXFileReference; name = "NotoSerif-Regular.ttf"; path = "../assets/fonts/NotoSerif-Regular.ttf"; sourceTree = "<group>"; fileEncoding = undefined; lastKnownFileType = unknown; explicitFileType = undefined; includeInIndex = 0; };
		57888A1B17254381838190E4 /* PlayfairDisplay-Black.ttf */ = {isa = PBXFileReference; name = "PlayfairDisplay-Black.ttf"; path = "../assets/fonts/PlayfairDisplay-Black.ttf"; sourceTree = "<group>"; fileEncoding = undefined; lastKnownFileType = unknown; explicitFileType = undefined; includeInIndex = 0; };
		9E857F138E504F47B2E63D57 /* PlayfairDisplay-BlackItalic.ttf */ = {isa = PBXFileReference; name = "PlayfairDisplay-BlackItalic.ttf"; path = "../assets/fonts/PlayfairDisplay-BlackItalic.ttf"; sourceTree = "<group>"; fileEncoding = undefined; lastKnownFileType = unknown; explicitFileType = undefined; includeInIndex = 0; };
		B82A2F3604754A03B1A67987 /* PlayfairDisplay-Bold.ttf */ = {isa = PBXFileReference; name = "PlayfairDisplay-Bold.ttf"; path = "../assets/fonts/PlayfairDisplay-Bold.ttf"; sourceTree = "<group>"; fileEncoding = undefined; lastKnownFileType = unknown; explicitFileType = undefined; includeInIndex = 0; };
		CD4EA37DA54A47498160C1E0 /* PlayfairDisplay-BoldItalic.ttf */ = {isa = PBXFileReference; name = "PlayfairDisplay-BoldItalic.ttf"; path = "../assets/fonts/PlayfairDisplay-BoldItalic.ttf"; sourceTree = "<group>"; fileEncoding = undefined; lastKnownFileType = unknown; explicitFileType = undefined; includeInIndex = 0; };
		7616702EC5684C49B69ACC58 /* PlayfairDisplay-ExtraBold.ttf */ = {isa = PBXFileReference; name = "PlayfairDisplay-ExtraBold.ttf"; path = "../assets/fonts/PlayfairDisplay-ExtraBold.ttf"; sourceTree = "<group>"; fileEncoding = undefined; lastKnownFileType = unknown; explicitFileType = undefined; includeInIndex = 0; };
		63637C2DAC1C4CA5ABC0073C /* PlayfairDisplay-ExtraBoldItalic.ttf */ = {isa = PBXFileReference; name = "PlayfairDisplay-ExtraBoldItalic.ttf"; path = "../assets/fonts/PlayfairDisplay-ExtraBoldItalic.ttf"; sourceTree = "<group>"; fileEncoding = undefined; lastKnownFileType = unknown; explicitFileType = undefined; includeInIndex = 0; };
		02416137CF3A42348101B855 /* PlayfairDisplay-Italic-VariableFont_wght.ttf */ = {isa = PBXFileReference; name = "PlayfairDisplay-Italic-VariableFont_wght.ttf"; path = "../assets/fonts/PlayfairDisplay-Italic-VariableFont_wght.ttf"; sourceTree = "<group>"; fileEncoding = undefined; lastKnownFileType = unknown; explicitFileType = undefined; includeInIndex = 0; };
		5C7C21CD0D4D4E3EA096602B /* PlayfairDisplay-Italic.ttf */ = {isa = PBXFileReference; name = "PlayfairDisplay-Italic.ttf"; path = "../assets/fonts/PlayfairDisplay-Italic.ttf"; sourceTree = "<group>"; fileEncoding = undefined; lastKnownFileType = unknown; explicitFileType = undefined; includeInIndex = 0; };
		B80F1895C77E4251ABE96BEF /* PlayfairDisplay-Medium.ttf */ = {isa = PBXFileReference; name = "PlayfairDisplay-Medium.ttf"; path = "../assets/fonts/PlayfairDisplay-Medium.ttf"; sourceTree = "<group>"; fileEncoding = undefined; lastKnownFileType = unknown; explicitFileType = undefined; includeInIndex = 0; };
		56FC650CF2C74457B3F6938E /* PlayfairDisplay-MediumItalic.ttf */ = {isa = PBXFileReference; name = "PlayfairDisplay-MediumItalic.ttf"; path = "../assets/fonts/PlayfairDisplay-MediumItalic.ttf"; sourceTree = "<group>"; fileEncoding = undefined; lastKnownFileType = unknown; explicitFileType = undefined; includeInIndex = 0; };
		6000BF634A3848FE89B4283F /* PlayfairDisplay-Regular.ttf */ = {isa = PBXFileReference; name = "PlayfairDisplay-Regular.ttf"; path = "../assets/fonts/PlayfairDisplay-Regular.ttf"; sourceTree = "<group>"; fileEncoding = undefined; lastKnownFileType = unknown; explicitFileType = undefined; includeInIndex = 0; };
		D94A97C23099422FAAB0EB8C /* PlayfairDisplay-SemiBold.ttf */ = {isa = PBXFileReference; name = "PlayfairDisplay-SemiBold.ttf"; path = "../assets/fonts/PlayfairDisplay-SemiBold.ttf"; sourceTree = "<group>"; fileEncoding = undefined; lastKnownFileType = unknown; explicitFileType = undefined; includeInIndex = 0; };
		6A2B30A0586542BD864F2062 /* PlayfairDisplay-SemiBoldItalic.ttf */ = {isa = PBXFileReference; name = "PlayfairDisplay-SemiBoldItalic.ttf"; path = "../assets/fonts/PlayfairDisplay-SemiBoldItalic.ttf"; sourceTree = "<group>"; fileEncoding = undefined; lastKnownFileType = unknown; explicitFileType = undefined; includeInIndex = 0; };
		9D1C75865F4D433E92FB2C7F /* PlayfairDisplay-VariableFont_wght.ttf */ = {isa = PBXFileReference; name = "PlayfairDisplay-VariableFont_wght.ttf"; path = "../assets/fonts/PlayfairDisplay-VariableFont_wght.ttf"; sourceTree = "<group>"; fileEncoding = undefined; lastKnownFileType = unknown; explicitFileType = undefined; includeInIndex = 0; };
		A26D43DCC6AA4C1DAE66BA0B /* Roboto-Black.ttf */ = {isa = PBXFileReference; name = "Roboto-Black.ttf"; path = "../assets/fonts/Roboto-Black.ttf"; sourceTree = "<group>"; fileEncoding = undefined; lastKnownFileType = unknown; explicitFileType = undefined; includeInIndex = 0; };
		B40B5B8E2D4C4F7290049344 /* Roboto-BlackItalic.ttf */ = {isa = PBXFileReference; name = "Roboto-BlackItalic.ttf"; path = "../assets/fonts/Roboto-BlackItalic.ttf"; sourceTree = "<group>"; fileEncoding = undefined; lastKnownFileType = unknown; explicitFileType = undefined; includeInIndex = 0; };
		E15FA95F92B146BDB21A8647 /* Roboto-Bold.ttf */ = {isa = PBXFileReference; name = "Roboto-Bold.ttf"; path = "../assets/fonts/Roboto-Bold.ttf"; sourceTree = "<group>"; fileEncoding = undefined; lastKnownFileType = unknown; explicitFileType = undefined; includeInIndex = 0; };
		813AC9AA070647BA8ACF04A4 /* Roboto-BoldItalic.ttf */ = {isa = PBXFileReference; name = "Roboto-BoldItalic.ttf"; path = "../assets/fonts/Roboto-BoldItalic.ttf"; sourceTree = "<group>"; fileEncoding = undefined; lastKnownFileType = unknown; explicitFileType = undefined; includeInIndex = 0; };
		3251E0A10DDA45D68D803A1F /* Roboto-Italic.ttf */ = {isa = PBXFileReference; name = "Roboto-Italic.ttf"; path = "../assets/fonts/Roboto-Italic.ttf"; sourceTree = "<group>"; fileEncoding = undefined; lastKnownFileType = unknown; explicitFileType = undefined; includeInIndex = 0; };
		8E4C9CE7CA824D4EB4EA6579 /* Roboto-Light.ttf */ = {isa = PBXFileReference; name = "Roboto-Light.ttf"; path = "../assets/fonts/Roboto-Light.ttf"; sourceTree = "<group>"; fileEncoding = undefined; lastKnownFileType = unknown; explicitFileType = undefined; includeInIndex = 0; };
		E5BEA23922504FE7AA6B28C8 /* Roboto-LightItalic.ttf */ = {isa = PBXFileReference; name = "Roboto-LightItalic.ttf"; path = "../assets/fonts/Roboto-LightItalic.ttf"; sourceTree = "<group>"; fileEncoding = undefined; lastKnownFileType = unknown; explicitFileType = undefined; includeInIndex = 0; };
		216E74A882DF48D38A07C79F /* Roboto-Medium.ttf */ = {isa = PBXFileReference; name = "Roboto-Medium.ttf"; path = "../assets/fonts/Roboto-Medium.ttf"; sourceTree = "<group>"; fileEncoding = undefined; lastKnownFileType = unknown; explicitFileType = undefined; includeInIndex = 0; };
		7313F8CFE0B1402FB8CA5DA4 /* Roboto-MediumItalic.ttf */ = {isa = PBXFileReference; name = "Roboto-MediumItalic.ttf"; path = "../assets/fonts/Roboto-MediumItalic.ttf"; sourceTree = "<group>"; fileEncoding = undefined; lastKnownFileType = unknown; explicitFileType = undefined; includeInIndex = 0; };
		084E26749A964C0A84A7E282 /* Roboto-Regular.ttf */ = {isa = PBXFileReference; name = "Roboto-Regular.ttf"; path = "../assets/fonts/Roboto-Regular.ttf"; sourceTree = "<group>"; fileEncoding = undefined; lastKnownFileType = unknown; explicitFileType = undefined; includeInIndex = 0; };
		EFD96A5872A34509873BEC67 /* Roboto-Thin.ttf */ = {isa = PBXFileReference; name = "Roboto-Thin.ttf"; path = "../assets/fonts/Roboto-Thin.ttf"; sourceTree = "<group>"; fileEncoding = undefined; lastKnownFileType = unknown; explicitFileType = undefined; includeInIndex = 0; };
		44169F04721442FA86C4E85B /* Roboto-ThinItalic.ttf */ = {isa = PBXFileReference; name = "Roboto-ThinItalic.ttf"; path = "../assets/fonts/Roboto-ThinItalic.ttf"; sourceTree = "<group>"; fileEncoding = undefined; lastKnownFileType = unknown; explicitFileType = undefined; includeInIndex = 0; };
		00B7657377DF4F848FF1A9B0 /* RobotoMono-Bold.ttf */ = {isa = PBXFileReference; name = "RobotoMono-Bold.ttf"; path = "../assets/fonts/RobotoMono-Bold.ttf"; sourceTree = "<group>"; fileEncoding = undefined; lastKnownFileType = unknown; explicitFileType = undefined; includeInIndex = 0; };
		829D97E95BF946FDA36BCB81 /* RobotoMono-BoldItalic.ttf */ = {isa = PBXFileReference; name = "RobotoMono-BoldItalic.ttf"; path = "../assets/fonts/RobotoMono-BoldItalic.ttf"; sourceTree = "<group>"; fileEncoding = undefined; lastKnownFileType = unknown; explicitFileType = undefined; includeInIndex = 0; };
		2A95E3719BEC42B0846EE440 /* RobotoMono-ExtraLight.ttf */ = {isa = PBXFileReference; name = "RobotoMono-ExtraLight.ttf"; path = "../assets/fonts/RobotoMono-ExtraLight.ttf"; sourceTree = "<group>"; fileEncoding = undefined; lastKnownFileType = unknown; explicitFileType = undefined; includeInIndex = 0; };
		F5C53AC5D7D940F1B8FB3577 /* RobotoMono-ExtraLightItalic.ttf */ = {isa = PBXFileReference; name = "RobotoMono-ExtraLightItalic.ttf"; path = "../assets/fonts/RobotoMono-ExtraLightItalic.ttf"; sourceTree = "<group>"; fileEncoding = undefined; lastKnownFileType = unknown; explicitFileType = undefined; includeInIndex = 0; };
		18908344802E402B9E12926C /* RobotoMono-Italic-VariableFont_wght.ttf */ = {isa = PBXFileReference; name = "RobotoMono-Italic-VariableFont_wght.ttf"; path = "../assets/fonts/RobotoMono-Italic-VariableFont_wght.ttf"; sourceTree = "<group>"; fileEncoding = undefined; lastKnownFileType = unknown; explicitFileType = undefined; includeInIndex = 0; };
		B48F36556F1C4637AF713C6E /* RobotoMono-Italic.ttf */ = {isa = PBXFileReference; name = "RobotoMono-Italic.ttf"; path = "../assets/fonts/RobotoMono-Italic.ttf"; sourceTree = "<group>"; fileEncoding = undefined; lastKnownFileType = unknown; explicitFileType = undefined; includeInIndex = 0; };
		932D58D8C83A4BA2B8EFB724 /* RobotoMono-Light.ttf */ = {isa = PBXFileReference; name = "RobotoMono-Light.ttf"; path = "../assets/fonts/RobotoMono-Light.ttf"; sourceTree = "<group>"; fileEncoding = undefined; lastKnownFileType = unknown; explicitFileType = undefined; includeInIndex = 0; };
		CC4AF130AF6C4216B9F0A708 /* RobotoMono-LightItalic.ttf */ = {isa = PBXFileReference; name = "RobotoMono-LightItalic.ttf"; path = "../assets/fonts/RobotoMono-LightItalic.ttf"; sourceTree = "<group>"; fileEncoding = undefined; lastKnownFileType = unknown; explicitFileType = undefined; includeInIndex = 0; };
		41FB5364446B4F15A595C9EE /* RobotoMono-Medium.ttf */ = {isa = PBXFileReference; name = "RobotoMono-Medium.ttf"; path = "../assets/fonts/RobotoMono-Medium.ttf"; sourceTree = "<group>"; fileEncoding = undefined; lastKnownFileType = unknown; explicitFileType = undefined; includeInIndex = 0; };
		25DCD95E6154499E9471E665 /* RobotoMono-MediumItalic.ttf */ = {isa = PBXFileReference; name = "RobotoMono-MediumItalic.ttf"; path = "../assets/fonts/RobotoMono-MediumItalic.ttf"; sourceTree = "<group>"; fileEncoding = undefined; lastKnownFileType = unknown; explicitFileType = undefined; includeInIndex = 0; };
		93C3336C7A8449CAAB0F19C7 /* RobotoMono-Regular.ttf */ = {isa = PBXFileReference; name = "RobotoMono-Regular.ttf"; path = "../assets/fonts/RobotoMono-Regular.ttf"; sourceTree = "<group>"; fileEncoding = undefined; lastKnownFileType = unknown; explicitFileType = undefined; includeInIndex = 0; };
		6A1F112205574D5EB39D707C /* RobotoMono-SemiBold.ttf */ = {isa = PBXFileReference; name = "RobotoMono-SemiBold.ttf"; path = "../assets/fonts/RobotoMono-SemiBold.ttf"; sourceTree = "<group>"; fileEncoding = undefined; lastKnownFileType = unknown; explicitFileType = undefined; includeInIndex = 0; };
		F0F3A5E882E646FFAE86E12C /* RobotoMono-SemiBoldItalic.ttf */ = {isa = PBXFileReference; name = "RobotoMono-SemiBoldItalic.ttf"; path = "../assets/fonts/RobotoMono-SemiBoldItalic.ttf"; sourceTree = "<group>"; fileEncoding = undefined; lastKnownFileType = unknown; explicitFileType = undefined; includeInIndex = 0; };
		D3B012E723B144A093669B52 /* RobotoMono-Thin.ttf */ = {isa = PBXFileReference; name = "RobotoMono-Thin.ttf"; path = "../assets/fonts/RobotoMono-Thin.ttf"; sourceTree = "<group>"; fileEncoding = undefined; lastKnownFileType = unknown; explicitFileType = undefined; includeInIndex = 0; };
		31FEBD6C68E840578BB9E483 /* RobotoMono-ThinItalic.ttf */ = {isa = PBXFileReference; name = "RobotoMono-ThinItalic.ttf"; path = "../assets/fonts/RobotoMono-ThinItalic.ttf"; sourceTree = "<group>"; fileEncoding = undefined; lastKnownFileType = unknown; explicitFileType = undefined; includeInIndex = 0; };
		6D43F3E3E0954A74860955D1 /* RobotoMono-VariableFont_wght.ttf */ = {isa = PBXFileReference; name = "RobotoMono-VariableFont_wght.ttf"; path = "../assets/fonts/RobotoMono-VariableFont_wght.ttf"; sourceTree = "<group>"; fileEncoding = undefined; lastKnownFileType = unknown; explicitFileType = undefined; includeInIndex = 0; };
		799A4ECA923B40B694433740 /* AntDesign.ttf */ = {isa = PBXFileReference; name = "AntDesign.ttf"; path = "../node_modules/react-native-vector-icons/Fonts/AntDesign.ttf"; sourceTree = "<group>"; fileEncoding = undefined; lastKnownFileType = unknown; explicitFileType = undefined; includeInIndex = 0; };
		904CF4E3389147F4A31594C9 /* Entypo.ttf */ = {isa = PBXFileReference; name = "Entypo.ttf"; path = "../node_modules/react-native-vector-icons/Fonts/Entypo.ttf"; sourceTree = "<group>"; fileEncoding = undefined; lastKnownFileType = unknown; explicitFileType = undefined; includeInIndex = 0; };
		E05082F5BCFA48DA98FFFBB3 /* EvilIcons.ttf */ = {isa = PBXFileReference; name = "EvilIcons.ttf"; path = "../node_modules/react-native-vector-icons/Fonts/EvilIcons.ttf"; sourceTree = "<group>"; fileEncoding = undefined; lastKnownFileType = unknown; explicitFileType = undefined; includeInIndex = 0; };
		35A429631BCC4DE3949E376E /* Feather.ttf */ = {isa = PBXFileReference; name = "Feather.ttf"; path = "../node_modules/react-native-vector-icons/Fonts/Feather.ttf"; sourceTree = "<group>"; fileEncoding = undefined; lastKnownFileType = unknown; explicitFileType = undefined; includeInIndex = 0; };
		ADEEC1704ABF44CF8E6A7A9F /* FontAwesome.ttf */ = {isa = PBXFileReference; name = "FontAwesome.ttf"; path = "../node_modules/react-native-vector-icons/Fonts/FontAwesome.ttf"; sourceTree = "<group>"; fileEncoding = undefined; lastKnownFileType = unknown; explicitFileType = undefined; includeInIndex = 0; };
		1CDA474F0C054D7F9C23A0EE /* FontAwesome5_Brands.ttf */ = {isa = PBXFileReference; name = "FontAwesome5_Brands.ttf"; path = "../node_modules/react-native-vector-icons/Fonts/FontAwesome5_Brands.ttf"; sourceTree = "<group>"; fileEncoding = undefined; lastKnownFileType = unknown; explicitFileType = undefined; includeInIndex = 0; };
		654D14C2731442DDB173C559 /* FontAwesome5_Regular.ttf */ = {isa = PBXFileReference; name = "FontAwesome5_Regular.ttf"; path = "../node_modules/react-native-vector-icons/Fonts/FontAwesome5_Regular.ttf"; sourceTree = "<group>"; fileEncoding = undefined; lastKnownFileType = unknown; explicitFileType = undefined; includeInIndex = 0; };
		BAA1B4825DA44621B8EA975C /* FontAwesome5_Solid.ttf */ = {isa = PBXFileReference; name = "FontAwesome5_Solid.ttf"; path = "../node_modules/react-native-vector-icons/Fonts/FontAwesome5_Solid.ttf"; sourceTree = "<group>"; fileEncoding = undefined; lastKnownFileType = unknown; explicitFileType = undefined; includeInIndex = 0; };
		5919A8229366431E8B370750 /* Fontisto.ttf */ = {isa = PBXFileReference; name = "Fontisto.ttf"; path = "../node_modules/react-native-vector-icons/Fonts/Fontisto.ttf"; sourceTree = "<group>"; fileEncoding = undefined; lastKnownFileType = unknown; explicitFileType = undefined; includeInIndex = 0; };
		6016C3BC41664DF9AC10FA22 /* Foundation.ttf */ = {isa = PBXFileReference; name = "Foundation.ttf"; path = "../node_modules/react-native-vector-icons/Fonts/Foundation.ttf"; sourceTree = "<group>"; fileEncoding = undefined; lastKnownFileType = unknown; explicitFileType = undefined; includeInIndex = 0; };
		7AA969C822D74B22964FBF6B /* Ionicons.ttf */ = {isa = PBXFileReference; name = "Ionicons.ttf"; path = "../node_modules/react-native-vector-icons/Fonts/Ionicons.ttf"; sourceTree = "<group>"; fileEncoding = undefined; lastKnownFileType = unknown; explicitFileType = undefined; includeInIndex = 0; };
		74D999D609FA4D72860663DD /* MaterialCommunityIcons.ttf */ = {isa = PBXFileReference; name = "MaterialCommunityIcons.ttf"; path = "../node_modules/react-native-vector-icons/Fonts/MaterialCommunityIcons.ttf"; sourceTree = "<group>"; fileEncoding = undefined; lastKnownFileType = unknown; explicitFileType = undefined; includeInIndex = 0; };
		A9CECB2E5B064863A3BBF2D1 /* MaterialIcons.ttf */ = {isa = PBXFileReference; name = "MaterialIcons.ttf"; path = "../node_modules/react-native-vector-icons/Fonts/MaterialIcons.ttf"; sourceTree = "<group>"; fileEncoding = undefined; lastKnownFileType = unknown; explicitFileType = undefined; includeInIndex = 0; };
		251121D385D54F36ACF78E91 /* Octicons.ttf */ = {isa = PBXFileReference; name = "Octicons.ttf"; path = "../node_modules/react-native-vector-icons/Fonts/Octicons.ttf"; sourceTree = "<group>"; fileEncoding = undefined; lastKnownFileType = unknown; explicitFileType = undefined; includeInIndex = 0; };
		57AD134E758C45E8A4F8C34D /* SimpleLineIcons.ttf */ = {isa = PBXFileReference; name = "SimpleLineIcons.ttf"; path = "../node_modules/react-native-vector-icons/Fonts/SimpleLineIcons.ttf"; sourceTree = "<group>"; fileEncoding = undefined; lastKnownFileType = unknown; explicitFileType = undefined; includeInIndex = 0; };
		FC4C73C751DF4A8D83D306D8 /* Zocial.ttf */ = {isa = PBXFileReference; name = "Zocial.ttf"; path = "../node_modules/react-native-vector-icons/Fonts/Zocial.ttf"; sourceTree = "<group>"; fileEncoding = undefined; lastKnownFileType = unknown; explicitFileType = undefined; includeInIndex = 0; };
/* End PBXFileReference section */

/* Begin PBXFrameworksBuildPhase section */
		00E356EB1AD99517003FC87E /* Frameworks */ = {
			isa = PBXFrameworksBuildPhase;
			buildActionMask = 2147483647;
			files = (
				7699B88040F8A987B510C191 /* libPods-client-clientTests.a in Frameworks */,
			);
			runOnlyForDeploymentPostprocessing = 0;
		};
		13B07F8C1A680F5B00A75B9A /* Frameworks */ = {
			isa = PBXFrameworksBuildPhase;
			buildActionMask = 2147483647;
			files = (
				0C80B921A6F3F58F76C31292 /* libPods-client.a in Frameworks */,
			);
			runOnlyForDeploymentPostprocessing = 0;
		};
/* End PBXFrameworksBuildPhase section */

/* Begin PBXGroup section */
		00E356EF1AD99517003FC87E /* clientTests */ = {
			isa = PBXGroup;
			children = (
				00E356F21AD99517003FC87E /* clientTests.m */,
				00E356F01AD99517003FC87E /* Supporting Files */,
			);
			path = clientTests;
			sourceTree = "<group>";
		};
		00E356F01AD99517003FC87E /* Supporting Files */ = {
			isa = PBXGroup;
			children = (
				00E356F11AD99517003FC87E /* Info.plist */,
			);
			name = "Supporting Files";
			sourceTree = "<group>";
		};
		13B07FAE1A68108700A75B9A /* client */ = {
			isa = PBXGroup;
			children = (
				13B07FAF1A68108700A75B9A /* AppDelegate.h */,
				13B07FB01A68108700A75B9A /* AppDelegate.mm */,
				13B07FB51A68108700A75B9A /* Images.xcassets */,
				13B07FB61A68108700A75B9A /* Info.plist */,
				81AB9BB72411601600AC10FF /* LaunchScreen.storyboard */,
				13B07FB71A68108700A75B9A /* main.m */,
			);
			name = client;
			sourceTree = "<group>";
		};
		2D16E6871FA4F8E400B85C8A /* Frameworks */ = {
			isa = PBXGroup;
			children = (
				ED297162215061F000B7C4FE /* JavaScriptCore.framework */,
				5DCACB8F33CDC322A6C60F78 /* libPods-client.a */,
				19F6CBCC0A4E27FBF8BF4A61 /* libPods-client-clientTests.a */,
			);
			name = Frameworks;
			sourceTree = "<group>";
		};
		832341AE1AAA6A7D00B99B32 /* Libraries */ = {
			isa = PBXGroup;
			children = (
			);
			name = Libraries;
			sourceTree = "<group>";
		};
		83CBB9F61A601CBA00E9B192 = {
			isa = PBXGroup;
			children = (
				13B07FAE1A68108700A75B9A /* client */,
				832341AE1AAA6A7D00B99B32 /* Libraries */,
				00E356EF1AD99517003FC87E /* clientTests */,
				83CBBA001A601CBA00E9B192 /* Products */,
				2D16E6871FA4F8E400B85C8A /* Frameworks */,
				BBD78D7AC51CEA395F1C20DB /* Pods */,
				3BA19643CD8A42389B5E91C4 /* Resources */,
			);
			indentWidth = 2;
			sourceTree = "<group>";
			tabWidth = 2;
			usesTabs = 0;
		};
		83CBBA001A601CBA00E9B192 /* Products */ = {
			isa = PBXGroup;
			children = (
				13B07F961A680F5B00A75B9A /* client.app */,
				00E356EE1AD99517003FC87E /* clientTests.xctest */,
			);
			name = Products;
			sourceTree = "<group>";
		};
		BBD78D7AC51CEA395F1C20DB /* Pods */ = {
			isa = PBXGroup;
			children = (
				3B4392A12AC88292D35C810B /* Pods-client.debug.xcconfig */,
				5709B34CF0A7D63546082F79 /* Pods-client.release.xcconfig */,
				5B7EB9410499542E8C5724F5 /* Pods-client-clientTests.debug.xcconfig */,
				89C6BE57DB24E9ADA2F236DE /* Pods-client-clientTests.release.xcconfig */,
			);
			path = Pods;
			sourceTree = "<group>";
		};
		ABCD09EA723F4C808F148309 /* Resources */ = {
			isa = "PBXGroup";
			children = (
				85DBB6F5EB8241E0A281E10C /* NotoSerif-Bold.ttf */,
				22C754D6FC994FACADEB71AE /* NotoSerif-BoldItalic.ttf */,
				852469F549264C458A3E594C /* NotoSerif-Italic.ttf */,
				B0257FFC8C61441E8586F004 /* NotoSerif-Regular.ttf */,
				57888A1B17254381838190E4 /* PlayfairDisplay-Black.ttf */,
				9E857F138E504F47B2E63D57 /* PlayfairDisplay-BlackItalic.ttf */,
				B82A2F3604754A03B1A67987 /* PlayfairDisplay-Bold.ttf */,
				CD4EA37DA54A47498160C1E0 /* PlayfairDisplay-BoldItalic.ttf */,
				7616702EC5684C49B69ACC58 /* PlayfairDisplay-ExtraBold.ttf */,
				63637C2DAC1C4CA5ABC0073C /* PlayfairDisplay-ExtraBoldItalic.ttf */,
				02416137CF3A42348101B855 /* PlayfairDisplay-Italic-VariableFont_wght.ttf */,
				5C7C21CD0D4D4E3EA096602B /* PlayfairDisplay-Italic.ttf */,
				B80F1895C77E4251ABE96BEF /* PlayfairDisplay-Medium.ttf */,
				56FC650CF2C74457B3F6938E /* PlayfairDisplay-MediumItalic.ttf */,
				6000BF634A3848FE89B4283F /* PlayfairDisplay-Regular.ttf */,
				D94A97C23099422FAAB0EB8C /* PlayfairDisplay-SemiBold.ttf */,
				6A2B30A0586542BD864F2062 /* PlayfairDisplay-SemiBoldItalic.ttf */,
				9D1C75865F4D433E92FB2C7F /* PlayfairDisplay-VariableFont_wght.ttf */,
				A26D43DCC6AA4C1DAE66BA0B /* Roboto-Black.ttf */,
				B40B5B8E2D4C4F7290049344 /* Roboto-BlackItalic.ttf */,
				E15FA95F92B146BDB21A8647 /* Roboto-Bold.ttf */,
				813AC9AA070647BA8ACF04A4 /* Roboto-BoldItalic.ttf */,
				3251E0A10DDA45D68D803A1F /* Roboto-Italic.ttf */,
				8E4C9CE7CA824D4EB4EA6579 /* Roboto-Light.ttf */,
				E5BEA23922504FE7AA6B28C8 /* Roboto-LightItalic.ttf */,
				216E74A882DF48D38A07C79F /* Roboto-Medium.ttf */,
				7313F8CFE0B1402FB8CA5DA4 /* Roboto-MediumItalic.ttf */,
				084E26749A964C0A84A7E282 /* Roboto-Regular.ttf */,
				EFD96A5872A34509873BEC67 /* Roboto-Thin.ttf */,
				44169F04721442FA86C4E85B /* Roboto-ThinItalic.ttf */,
				00B7657377DF4F848FF1A9B0 /* RobotoMono-Bold.ttf */,
				829D97E95BF946FDA36BCB81 /* RobotoMono-BoldItalic.ttf */,
				2A95E3719BEC42B0846EE440 /* RobotoMono-ExtraLight.ttf */,
				F5C53AC5D7D940F1B8FB3577 /* RobotoMono-ExtraLightItalic.ttf */,
				18908344802E402B9E12926C /* RobotoMono-Italic-VariableFont_wght.ttf */,
				B48F36556F1C4637AF713C6E /* RobotoMono-Italic.ttf */,
				932D58D8C83A4BA2B8EFB724 /* RobotoMono-Light.ttf */,
				CC4AF130AF6C4216B9F0A708 /* RobotoMono-LightItalic.ttf */,
				41FB5364446B4F15A595C9EE /* RobotoMono-Medium.ttf */,
				25DCD95E6154499E9471E665 /* RobotoMono-MediumItalic.ttf */,
				93C3336C7A8449CAAB0F19C7 /* RobotoMono-Regular.ttf */,
				6A1F112205574D5EB39D707C /* RobotoMono-SemiBold.ttf */,
				F0F3A5E882E646FFAE86E12C /* RobotoMono-SemiBoldItalic.ttf */,
				D3B012E723B144A093669B52 /* RobotoMono-Thin.ttf */,
				31FEBD6C68E840578BB9E483 /* RobotoMono-ThinItalic.ttf */,
				6D43F3E3E0954A74860955D1 /* RobotoMono-VariableFont_wght.ttf */,
				799A4ECA923B40B694433740 /* AntDesign.ttf */,
				904CF4E3389147F4A31594C9 /* Entypo.ttf */,
				E05082F5BCFA48DA98FFFBB3 /* EvilIcons.ttf */,
				35A429631BCC4DE3949E376E /* Feather.ttf */,
				ADEEC1704ABF44CF8E6A7A9F /* FontAwesome.ttf */,
				1CDA474F0C054D7F9C23A0EE /* FontAwesome5_Brands.ttf */,
				654D14C2731442DDB173C559 /* FontAwesome5_Regular.ttf */,
				BAA1B4825DA44621B8EA975C /* FontAwesome5_Solid.ttf */,
				5919A8229366431E8B370750 /* Fontisto.ttf */,
				6016C3BC41664DF9AC10FA22 /* Foundation.ttf */,
				7AA969C822D74B22964FBF6B /* Ionicons.ttf */,
				74D999D609FA4D72860663DD /* MaterialCommunityIcons.ttf */,
				A9CECB2E5B064863A3BBF2D1 /* MaterialIcons.ttf */,
				251121D385D54F36ACF78E91 /* Octicons.ttf */,
				57AD134E758C45E8A4F8C34D /* SimpleLineIcons.ttf */,
				FC4C73C751DF4A8D83D306D8 /* Zocial.ttf */,
			);
			name = Resources;
			sourceTree = "<group>";
			path = "";
		};
		3BA19643CD8A42389B5E91C4 /* Resources */ = {
			isa = "PBXGroup";
			children = (
			);
			name = Resources;
			sourceTree = "<group>";
			path = "";
		};
/* End PBXGroup section */

/* Begin PBXNativeTarget section */
		00E356ED1AD99517003FC87E /* clientTests */ = {
			isa = PBXNativeTarget;
			buildConfigurationList = 00E357021AD99517003FC87E /* Build configuration list for PBXNativeTarget "clientTests" */;
			buildPhases = (
				A55EABD7B0C7F3A422A6CC61 /* [CP] Check Pods Manifest.lock */,
				00E356EA1AD99517003FC87E /* Sources */,
				00E356EB1AD99517003FC87E /* Frameworks */,
				00E356EC1AD99517003FC87E /* Resources */,
				C59DA0FBD6956966B86A3779 /* [CP] Embed Pods Frameworks */,
				F6A41C54EA430FDDC6A6ED99 /* [CP] Copy Pods Resources */,
			);
			buildRules = (
			);
			dependencies = (
				00E356F51AD99517003FC87E /* PBXTargetDependency */,
			);
			name = clientTests;
			productName = clientTests;
			productReference = 00E356EE1AD99517003FC87E /* clientTests.xctest */;
			productType = "com.apple.product-type.bundle.unit-test";
		};
		13B07F861A680F5B00A75B9A /* client */ = {
			isa = PBXNativeTarget;
			buildConfigurationList = 13B07F931A680F5B00A75B9A /* Build configuration list for PBXNativeTarget "client" */;
			buildPhases = (
				C38B50BA6285516D6DCD4F65 /* [CP] Check Pods Manifest.lock */,
				FD10A7F022414F080027D42C /* Start Packager */,
				13B07F871A680F5B00A75B9A /* Sources */,
				13B07F8C1A680F5B00A75B9A /* Frameworks */,
				13B07F8E1A680F5B00A75B9A /* Resources */,
				00DD1BFF1BD5951E006B06BC /* Bundle React Native code and images */,
				00EEFC60759A1932668264C0 /* [CP] Embed Pods Frameworks */,
				E235C05ADACE081382539298 /* [CP] Copy Pods Resources */,
			);
			buildRules = (
			);
			dependencies = (
			);
			name = client;
			productName = client;
			productReference = 13B07F961A680F5B00A75B9A /* client.app */;
			productType = "com.apple.product-type.application";
		};
/* End PBXNativeTarget section */

/* Begin PBXProject section */
		83CBB9F71A601CBA00E9B192 /* Project object */ = {
			isa = PBXProject;
			attributes = {
				LastUpgradeCheck = 1210;
				TargetAttributes = {
					00E356ED1AD99517003FC87E = {
						CreatedOnToolsVersion = 6.2;
						TestTargetID = 13B07F861A680F5B00A75B9A;
					};
					13B07F861A680F5B00A75B9A = {
						LastSwiftMigration = 1120;
					};
				};
			};
			buildConfigurationList = 83CBB9FA1A601CBA00E9B192 /* Build configuration list for PBXProject "client" */;
			compatibilityVersion = "Xcode 12.0";
			developmentRegion = en;
			hasScannedForEncodings = 0;
			knownRegions = (
				en,
				Base,
			);
			mainGroup = 83CBB9F61A601CBA00E9B192;
			productRefGroup = 83CBBA001A601CBA00E9B192 /* Products */;
			projectDirPath = "";
			projectRoot = "";
			targets = (
				13B07F861A680F5B00A75B9A /* client */,
				00E356ED1AD99517003FC87E /* clientTests */,
			);
		};
/* End PBXProject section */

/* Begin PBXResourcesBuildPhase section */
		00E356EC1AD99517003FC87E /* Resources */ = {
			isa = PBXResourcesBuildPhase;
			buildActionMask = 2147483647;
			files = (
			);
			runOnlyForDeploymentPostprocessing = 0;
		};
		13B07F8E1A680F5B00A75B9A /* Resources */ = {
			isa = PBXResourcesBuildPhase;
			buildActionMask = 2147483647;
			files = (
				81AB9BB82411601600AC10FF /* LaunchScreen.storyboard in Resources */,
				13B07FBF1A68108700A75B9A /* Images.xcassets in Resources */,
				BA20CEA5BECD447B9500DDF4 /* NotoSerif-Bold.ttf in Resources */,
				410CBB1825EE4C5AAB517CB6 /* NotoSerif-BoldItalic.ttf in Resources */,
				F9F55B68594A4E7DB0717861 /* NotoSerif-Italic.ttf in Resources */,
				F3ADE674F4434A048502FB67 /* NotoSerif-Regular.ttf in Resources */,
				EC511D44F0324E2E8F8AEE1C /* PlayfairDisplay-Black.ttf in Resources */,
				E025112C8F90405CB0B1C0F9 /* PlayfairDisplay-BlackItalic.ttf in Resources */,
				878A2BE39239411FA9F72402 /* PlayfairDisplay-Bold.ttf in Resources */,
				8C48F46289AF4681A4A56AB9 /* PlayfairDisplay-BoldItalic.ttf in Resources */,
				3FC3C3EDAA424130AB007792 /* PlayfairDisplay-ExtraBold.ttf in Resources */,
				ECCC28480A6E4A32ADCC976C /* PlayfairDisplay-ExtraBoldItalic.ttf in Resources */,
				D44D3BE693C34F7A9E912355 /* PlayfairDisplay-Italic-VariableFont_wght.ttf in Resources */,
				9883B679F53E4E828E1E4D64 /* PlayfairDisplay-Italic.ttf in Resources */,
				2DBD109FE2C14C2EBE0555C0 /* PlayfairDisplay-Medium.ttf in Resources */,
				81BB3C12AD024042AB594668 /* PlayfairDisplay-MediumItalic.ttf in Resources */,
				BA0F12B3B0DA4F478178F6CC /* PlayfairDisplay-Regular.ttf in Resources */,
				F5F5C32D5FF54A13AEF507D4 /* PlayfairDisplay-SemiBold.ttf in Resources */,
				2073949E871E4D7488B92FA7 /* PlayfairDisplay-SemiBoldItalic.ttf in Resources */,
				8842B27701724A548D5B44FC /* PlayfairDisplay-VariableFont_wght.ttf in Resources */,
				818CDAE245E949DE9A961902 /* Roboto-Black.ttf in Resources */,
				967382450D0F4DFAA66282FD /* Roboto-BlackItalic.ttf in Resources */,
				7FA8107C436642D6975F2E0D /* Roboto-Bold.ttf in Resources */,
				BF5FEC694DA04B4E9DD9D7BD /* Roboto-BoldItalic.ttf in Resources */,
				B4612DD91A5C44B5A03D0889 /* Roboto-Italic.ttf in Resources */,
				7A48159372714BD5B7CEFC4A /* Roboto-Light.ttf in Resources */,
				F67D81D500F84F8A8612D090 /* Roboto-LightItalic.ttf in Resources */,
				A694853F5F584C5DA7D4D4D7 /* Roboto-Medium.ttf in Resources */,
				7E4CC207107B4BF8AB1C23D9 /* Roboto-MediumItalic.ttf in Resources */,
				20CC61F23A2B4E3B97E96931 /* Roboto-Regular.ttf in Resources */,
				AEEF279518D04313991EB1A4 /* Roboto-Thin.ttf in Resources */,
				6EFA9E046DB94078AE641B37 /* Roboto-ThinItalic.ttf in Resources */,
				9CDBBAA6E80346F788B582F8 /* RobotoMono-Bold.ttf in Resources */,
				F84F633A10AC4EEAB4CC17C7 /* RobotoMono-BoldItalic.ttf in Resources */,
				362E71F72AE9448DA0DE6308 /* RobotoMono-ExtraLight.ttf in Resources */,
				786F20681D124FF8A5EA7073 /* RobotoMono-ExtraLightItalic.ttf in Resources */,
				02F458D54D3840E5B59F08E6 /* RobotoMono-Italic-VariableFont_wght.ttf in Resources */,
				023CC2C93F574EA68EC51F2B /* RobotoMono-Italic.ttf in Resources */,
				9182C4BE015C43CEAFD166EF /* RobotoMono-Light.ttf in Resources */,
				49D54A3924A14B808A9794EF /* RobotoMono-LightItalic.ttf in Resources */,
				9368EEF8CFE94A3DB451CAAA /* RobotoMono-Medium.ttf in Resources */,
				D162CC25559649EB8D842BE4 /* RobotoMono-MediumItalic.ttf in Resources */,
				B5DB29A51352426C9083EE83 /* RobotoMono-Regular.ttf in Resources */,
				F8EB1732D9244F8DA6F6BFD2 /* RobotoMono-SemiBold.ttf in Resources */,
				1E014C0D9E19478EADE6BBE6 /* RobotoMono-SemiBoldItalic.ttf in Resources */,
				97F12ED65BAA431383FC4D69 /* RobotoMono-Thin.ttf in Resources */,
				CDD0E7EB40664365A067C227 /* RobotoMono-ThinItalic.ttf in Resources */,
				6A6433993B6F4120BD447E63 /* RobotoMono-VariableFont_wght.ttf in Resources */,
				421AB802BE9443E392558886 /* AntDesign.ttf in Resources */,
				60A104B9660A4FBD858AE9C3 /* Entypo.ttf in Resources */,
				E1DC4F4D1C664DF8A3C2D722 /* EvilIcons.ttf in Resources */,
				FA74FFFB1B5A4ECEA858A556 /* Feather.ttf in Resources */,
				1A482F334F0C4CC39029B3F1 /* FontAwesome.ttf in Resources */,
				BF4284D4A5EB44ECA374727A /* FontAwesome5_Brands.ttf in Resources */,
				1ACBE0913869492FB3A72B92 /* FontAwesome5_Regular.ttf in Resources */,
				DCA38EB90BC74119AA564637 /* FontAwesome5_Solid.ttf in Resources */,
				A2FAA720BBA148E6919D8CE8 /* Fontisto.ttf in Resources */,
				5C69FAF45E044674A038727A /* Foundation.ttf in Resources */,
				810639C1CF0E446DB092C1BC /* Ionicons.ttf in Resources */,
				2950E599EEE54C2E971ABF6F /* MaterialCommunityIcons.ttf in Resources */,
				49AFF2FD96BA471FB0665456 /* MaterialIcons.ttf in Resources */,
				75F01A7908EA4DDE9E432846 /* Octicons.ttf in Resources */,
				D1465948F5FF4A6CA00798D7 /* SimpleLineIcons.ttf in Resources */,
				38C871202C544BE59B879340 /* Zocial.ttf in Resources */,
			);
			runOnlyForDeploymentPostprocessing = 0;
		};
/* End PBXResourcesBuildPhase section */

/* Begin PBXShellScriptBuildPhase section */
		00DD1BFF1BD5951E006B06BC /* Bundle React Native code and images */ = {
			isa = PBXShellScriptBuildPhase;
			buildActionMask = 2147483647;
			files = (
			);
			inputPaths = (
			);
			name = "Bundle React Native code and images";
			outputPaths = (
			);
			runOnlyForDeploymentPostprocessing = 0;
			shellPath = /bin/sh;
			shellScript = "set -e\n\nexport NODE_BINARY=node\n../node_modules/react-native/scripts/react-native-xcode.sh\n";
		};
		00EEFC60759A1932668264C0 /* [CP] Embed Pods Frameworks */ = {
			isa = PBXShellScriptBuildPhase;
			buildActionMask = 2147483647;
			files = (
			);
			inputFileListPaths = (
				"${PODS_ROOT}/Target Support Files/Pods-client/Pods-client-frameworks-${CONFIGURATION}-input-files.xcfilelist",
			);
			name = "[CP] Embed Pods Frameworks";
			outputFileListPaths = (
				"${PODS_ROOT}/Target Support Files/Pods-client/Pods-client-frameworks-${CONFIGURATION}-output-files.xcfilelist",
			);
			runOnlyForDeploymentPostprocessing = 0;
			shellPath = /bin/sh;
			shellScript = "\"${PODS_ROOT}/Target Support Files/Pods-client/Pods-client-frameworks.sh\"\n";
			showEnvVarsInLog = 0;
		};
		A55EABD7B0C7F3A422A6CC61 /* [CP] Check Pods Manifest.lock */ = {
			isa = PBXShellScriptBuildPhase;
			buildActionMask = 2147483647;
			files = (
			);
			inputFileListPaths = (
			);
			inputPaths = (
				"${PODS_PODFILE_DIR_PATH}/Podfile.lock",
				"${PODS_ROOT}/Manifest.lock",
			);
			name = "[CP] Check Pods Manifest.lock";
			outputFileListPaths = (
			);
			outputPaths = (
				"$(DERIVED_FILE_DIR)/Pods-client-clientTests-checkManifestLockResult.txt",
			);
			runOnlyForDeploymentPostprocessing = 0;
			shellPath = /bin/sh;
			shellScript = "diff \"${PODS_PODFILE_DIR_PATH}/Podfile.lock\" \"${PODS_ROOT}/Manifest.lock\" > /dev/null\nif [ $? != 0 ] ; then\n    # print error to STDERR\n    echo \"error: The sandbox is not in sync with the Podfile.lock. Run 'pod install' or update your CocoaPods installation.\" >&2\n    exit 1\nfi\n# This output is used by Xcode 'outputs' to avoid re-running this script phase.\necho \"SUCCESS\" > \"${SCRIPT_OUTPUT_FILE_0}\"\n";
			showEnvVarsInLog = 0;
		};
		C38B50BA6285516D6DCD4F65 /* [CP] Check Pods Manifest.lock */ = {
			isa = PBXShellScriptBuildPhase;
			buildActionMask = 2147483647;
			files = (
			);
			inputFileListPaths = (
			);
			inputPaths = (
				"${PODS_PODFILE_DIR_PATH}/Podfile.lock",
				"${PODS_ROOT}/Manifest.lock",
			);
			name = "[CP] Check Pods Manifest.lock";
			outputFileListPaths = (
			);
			outputPaths = (
				"$(DERIVED_FILE_DIR)/Pods-client-checkManifestLockResult.txt",
			);
			runOnlyForDeploymentPostprocessing = 0;
			shellPath = /bin/sh;
			shellScript = "diff \"${PODS_PODFILE_DIR_PATH}/Podfile.lock\" \"${PODS_ROOT}/Manifest.lock\" > /dev/null\nif [ $? != 0 ] ; then\n    # print error to STDERR\n    echo \"error: The sandbox is not in sync with the Podfile.lock. Run 'pod install' or update your CocoaPods installation.\" >&2\n    exit 1\nfi\n# This output is used by Xcode 'outputs' to avoid re-running this script phase.\necho \"SUCCESS\" > \"${SCRIPT_OUTPUT_FILE_0}\"\n";
			showEnvVarsInLog = 0;
		};
		C59DA0FBD6956966B86A3779 /* [CP] Embed Pods Frameworks */ = {
			isa = PBXShellScriptBuildPhase;
			buildActionMask = 2147483647;
			files = (
			);
			inputFileListPaths = (
				"${PODS_ROOT}/Target Support Files/Pods-client-clientTests/Pods-client-clientTests-frameworks-${CONFIGURATION}-input-files.xcfilelist",
			);
			name = "[CP] Embed Pods Frameworks";
			outputFileListPaths = (
				"${PODS_ROOT}/Target Support Files/Pods-client-clientTests/Pods-client-clientTests-frameworks-${CONFIGURATION}-output-files.xcfilelist",
			);
			runOnlyForDeploymentPostprocessing = 0;
			shellPath = /bin/sh;
			shellScript = "\"${PODS_ROOT}/Target Support Files/Pods-client-clientTests/Pods-client-clientTests-frameworks.sh\"\n";
			showEnvVarsInLog = 0;
		};
		E235C05ADACE081382539298 /* [CP] Copy Pods Resources */ = {
			isa = PBXShellScriptBuildPhase;
			buildActionMask = 2147483647;
			files = (
			);
			inputFileListPaths = (
				"${PODS_ROOT}/Target Support Files/Pods-client/Pods-client-resources-${CONFIGURATION}-input-files.xcfilelist",
			);
			name = "[CP] Copy Pods Resources";
			outputFileListPaths = (
				"${PODS_ROOT}/Target Support Files/Pods-client/Pods-client-resources-${CONFIGURATION}-output-files.xcfilelist",
			);
			runOnlyForDeploymentPostprocessing = 0;
			shellPath = /bin/sh;
			shellScript = "\"${PODS_ROOT}/Target Support Files/Pods-client/Pods-client-resources.sh\"\n";
			showEnvVarsInLog = 0;
		};
		F6A41C54EA430FDDC6A6ED99 /* [CP] Copy Pods Resources */ = {
			isa = PBXShellScriptBuildPhase;
			buildActionMask = 2147483647;
			files = (
			);
			inputFileListPaths = (
				"${PODS_ROOT}/Target Support Files/Pods-client-clientTests/Pods-client-clientTests-resources-${CONFIGURATION}-input-files.xcfilelist",
			);
			name = "[CP] Copy Pods Resources";
			outputFileListPaths = (
				"${PODS_ROOT}/Target Support Files/Pods-client-clientTests/Pods-client-clientTests-resources-${CONFIGURATION}-output-files.xcfilelist",
			);
			runOnlyForDeploymentPostprocessing = 0;
			shellPath = /bin/sh;
			shellScript = "\"${PODS_ROOT}/Target Support Files/Pods-client-clientTests/Pods-client-clientTests-resources.sh\"\n";
			showEnvVarsInLog = 0;
		};
		FD10A7F022414F080027D42C /* Start Packager */ = {
			isa = PBXShellScriptBuildPhase;
			buildActionMask = 2147483647;
			files = (
			);
			inputFileListPaths = (
			);
			inputPaths = (
			);
			name = "Start Packager";
			outputFileListPaths = (
			);
			outputPaths = (
			);
			runOnlyForDeploymentPostprocessing = 0;
			shellPath = /bin/sh;
			shellScript = "export RCT_METRO_PORT=\"${RCT_METRO_PORT:=8081}\"\necho \"export RCT_METRO_PORT=${RCT_METRO_PORT}\" > \"${SRCROOT}/../node_modules/react-native/scripts/.packager.env\"\nif [ -z \"${RCT_NO_LAUNCH_PACKAGER+xxx}\" ] ; then\n  if nc -w 5 -z localhost ${RCT_METRO_PORT} ; then\n    if ! curl -s \"http://localhost:${RCT_METRO_PORT}/status\" | grep -q \"packager-status:running\" ; then\n      echo \"Port ${RCT_METRO_PORT} already in use, packager is either not running or not running correctly\"\n      exit 2\n    fi\n  else\n    open \"$SRCROOT/../node_modules/react-native/scripts/launchPackager.command\" || echo \"Can't start packager automatically\"\n  fi\nfi\n";
			showEnvVarsInLog = 0;
		};
/* End PBXShellScriptBuildPhase section */

/* Begin PBXSourcesBuildPhase section */
		00E356EA1AD99517003FC87E /* Sources */ = {
			isa = PBXSourcesBuildPhase;
			buildActionMask = 2147483647;
			files = (
				00E356F31AD99517003FC87E /* clientTests.m in Sources */,
			);
			runOnlyForDeploymentPostprocessing = 0;
		};
		13B07F871A680F5B00A75B9A /* Sources */ = {
			isa = PBXSourcesBuildPhase;
			buildActionMask = 2147483647;
			files = (
				13B07FBC1A68108700A75B9A /* AppDelegate.mm in Sources */,
				13B07FC11A68108700A75B9A /* main.m in Sources */,
			);
			runOnlyForDeploymentPostprocessing = 0;
		};
/* End PBXSourcesBuildPhase section */

/* Begin PBXTargetDependency section */
		00E356F51AD99517003FC87E /* PBXTargetDependency */ = {
			isa = PBXTargetDependency;
			target = 13B07F861A680F5B00A75B9A /* client */;
			targetProxy = 00E356F41AD99517003FC87E /* PBXContainerItemProxy */;
		};
/* End PBXTargetDependency section */

/* Begin XCBuildConfiguration section */
		00E356F61AD99517003FC87E /* Debug */ = {
			isa = XCBuildConfiguration;
			baseConfigurationReference = 5B7EB9410499542E8C5724F5 /* Pods-client-clientTests.debug.xcconfig */;
			buildSettings = {
				BUNDLE_LOADER = "$(TEST_HOST)";
				GCC_PREPROCESSOR_DEFINITIONS = (
					"DEBUG=1",
					"$(inherited)",
				);
				INFOPLIST_FILE = clientTests/Info.plist;
				IPHONEOS_DEPLOYMENT_TARGET = 11.0;
				LD_RUNPATH_SEARCH_PATHS = (
					"$(inherited)",
					"@executable_path/Frameworks",
					"@loader_path/Frameworks",
				);
				OTHER_LDFLAGS = (
					"-ObjC",
					"-lc++",
					"$(inherited)",
				);
				PRODUCT_BUNDLE_IDENTIFIER = "org.reactjs.native.example.$(PRODUCT_NAME:rfc1034identifier)";
				PRODUCT_NAME = "$(TARGET_NAME)";
				TEST_HOST = "$(BUILT_PRODUCTS_DIR)/client.app/client";
			};
			name = Debug;
		};
		00E356F71AD99517003FC87E /* Release */ = {
			isa = XCBuildConfiguration;
			baseConfigurationReference = 89C6BE57DB24E9ADA2F236DE /* Pods-client-clientTests.release.xcconfig */;
			buildSettings = {
				BUNDLE_LOADER = "$(TEST_HOST)";
				COPY_PHASE_STRIP = NO;
				INFOPLIST_FILE = clientTests/Info.plist;
				IPHONEOS_DEPLOYMENT_TARGET = 11.0;
				LD_RUNPATH_SEARCH_PATHS = (
					"$(inherited)",
					"@executable_path/Frameworks",
					"@loader_path/Frameworks",
				);
				OTHER_LDFLAGS = (
					"-ObjC",
					"-lc++",
					"$(inherited)",
				);
				PRODUCT_BUNDLE_IDENTIFIER = "org.reactjs.native.example.$(PRODUCT_NAME:rfc1034identifier)";
				PRODUCT_NAME = "$(TARGET_NAME)";
				TEST_HOST = "$(BUILT_PRODUCTS_DIR)/client.app/client";
			};
			name = Release;
		};
		13B07F941A680F5B00A75B9A /* Debug */ = {
			isa = XCBuildConfiguration;
			baseConfigurationReference = 3B4392A12AC88292D35C810B /* Pods-client.debug.xcconfig */;
			buildSettings = {
				ASSETCATALOG_COMPILER_APPICON_NAME = AppIcon;
				CLANG_ENABLE_MODULES = YES;
				CURRENT_PROJECT_VERSION = 1;
				ENABLE_BITCODE = NO;
				INFOPLIST_FILE = client/Info.plist;
				LD_RUNPATH_SEARCH_PATHS = (
					"$(inherited)",
					"@executable_path/Frameworks",
				);
				OTHER_LDFLAGS = (
					"$(inherited)",
					"-ObjC",
					"-lc++",
				);
				PRODUCT_BUNDLE_IDENTIFIER = "org.reactjs.native.example.$(PRODUCT_NAME:rfc1034identifier)";
				PRODUCT_NAME = client;
				SWIFT_OPTIMIZATION_LEVEL = "-Onone";
				SWIFT_VERSION = 5.0;
				VERSIONING_SYSTEM = "apple-generic";
			};
			name = Debug;
		};
		13B07F951A680F5B00A75B9A /* Release */ = {
			isa = XCBuildConfiguration;
			baseConfigurationReference = 5709B34CF0A7D63546082F79 /* Pods-client.release.xcconfig */;
			buildSettings = {
				ASSETCATALOG_COMPILER_APPICON_NAME = AppIcon;
				CLANG_ENABLE_MODULES = YES;
				CURRENT_PROJECT_VERSION = 1;
				INFOPLIST_FILE = client/Info.plist;
				LD_RUNPATH_SEARCH_PATHS = (
					"$(inherited)",
					"@executable_path/Frameworks",
				);
				OTHER_LDFLAGS = (
					"$(inherited)",
					"-ObjC",
					"-lc++",
				);
				PRODUCT_BUNDLE_IDENTIFIER = "org.reactjs.native.example.$(PRODUCT_NAME:rfc1034identifier)";
				PRODUCT_NAME = client;
				SWIFT_VERSION = 5.0;
				VERSIONING_SYSTEM = "apple-generic";
			};
			name = Release;
		};
		83CBBA201A601CBA00E9B192 /* Debug */ = {
			isa = XCBuildConfiguration;
			buildSettings = {
				ALWAYS_SEARCH_USER_PATHS = NO;
				CLANG_ANALYZER_LOCALIZABILITY_NONLOCALIZED = YES;
				CLANG_CXX_LANGUAGE_STANDARD = "c++17";
				CLANG_CXX_LIBRARY = "libc++";
				CLANG_ENABLE_MODULES = YES;
				CLANG_ENABLE_OBJC_ARC = YES;
				CLANG_WARN_BLOCK_CAPTURE_AUTORELEASING = YES;
				CLANG_WARN_BOOL_CONVERSION = YES;
				CLANG_WARN_COMMA = YES;
				CLANG_WARN_CONSTANT_CONVERSION = YES;
				CLANG_WARN_DEPRECATED_OBJC_IMPLEMENTATIONS = YES;
				CLANG_WARN_DIRECT_OBJC_ISA_USAGE = YES_ERROR;
				CLANG_WARN_EMPTY_BODY = YES;
				CLANG_WARN_ENUM_CONVERSION = YES;
				CLANG_WARN_INFINITE_RECURSION = YES;
				CLANG_WARN_INT_CONVERSION = YES;
				CLANG_WARN_NON_LITERAL_NULL_CONVERSION = YES;
				CLANG_WARN_OBJC_IMPLICIT_RETAIN_SELF = YES;
				CLANG_WARN_OBJC_LITERAL_CONVERSION = YES;
				CLANG_WARN_OBJC_ROOT_CLASS = YES_ERROR;
				CLANG_WARN_QUOTED_INCLUDE_IN_FRAMEWORK_HEADER = YES;
				CLANG_WARN_RANGE_LOOP_ANALYSIS = YES;
				CLANG_WARN_STRICT_PROTOTYPES = YES;
				CLANG_WARN_SUSPICIOUS_MOVE = YES;
				CLANG_WARN_UNREACHABLE_CODE = YES;
				CLANG_WARN__DUPLICATE_METHOD_MATCH = YES;
				"CODE_SIGN_IDENTITY[sdk=iphoneos*]" = "iPhone Developer";
				COPY_PHASE_STRIP = NO;
				ENABLE_STRICT_OBJC_MSGSEND = YES;
				ENABLE_TESTABILITY = YES;
				"EXCLUDED_ARCHS[sdk=iphonesimulator*]" = "";
				GCC_C_LANGUAGE_STANDARD = gnu99;
				GCC_DYNAMIC_NO_PIC = NO;
				GCC_NO_COMMON_BLOCKS = YES;
				GCC_OPTIMIZATION_LEVEL = 0;
				GCC_PREPROCESSOR_DEFINITIONS = (
					"DEBUG=1",
					"$(inherited)",
				);
				GCC_SYMBOLS_PRIVATE_EXTERN = NO;
				GCC_WARN_64_TO_32_BIT_CONVERSION = YES;
				GCC_WARN_ABOUT_RETURN_TYPE = YES_ERROR;
				GCC_WARN_UNDECLARED_SELECTOR = YES;
				GCC_WARN_UNINITIALIZED_AUTOS = YES_AGGRESSIVE;
				GCC_WARN_UNUSED_FUNCTION = YES;
				GCC_WARN_UNUSED_VARIABLE = YES;
				IPHONEOS_DEPLOYMENT_TARGET = 11.0;
				LD_RUNPATH_SEARCH_PATHS = (
					/usr/lib/swift,
					"$(inherited)",
				);
				LIBRARY_SEARCH_PATHS = (
					"\"$(SDKROOT)/usr/lib/swift\"",
					"\"$(TOOLCHAIN_DIR)/usr/lib/swift/$(PLATFORM_NAME)\"",
					"\"$(inherited)\"",
				);
				MTL_ENABLE_DEBUG_INFO = YES;
				ONLY_ACTIVE_ARCH = YES;
				OTHER_CPLUSPLUSFLAGS = (
					"$(OTHER_CFLAGS)",
					"-DFOLLY_NO_CONFIG",
					"-DFOLLY_MOBILE=1",
					"-DFOLLY_USE_LIBCPP=1",
				);
				SDKROOT = iphoneos;
			};
			name = Debug;
		};
		83CBBA211A601CBA00E9B192 /* Release */ = {
			isa = XCBuildConfiguration;
			buildSettings = {
				ALWAYS_SEARCH_USER_PATHS = NO;
				CLANG_ANALYZER_LOCALIZABILITY_NONLOCALIZED = YES;
				CLANG_CXX_LANGUAGE_STANDARD = "c++17";
				CLANG_CXX_LIBRARY = "libc++";
				CLANG_ENABLE_MODULES = YES;
				CLANG_ENABLE_OBJC_ARC = YES;
				CLANG_WARN_BLOCK_CAPTURE_AUTORELEASING = YES;
				CLANG_WARN_BOOL_CONVERSION = YES;
				CLANG_WARN_COMMA = YES;
				CLANG_WARN_CONSTANT_CONVERSION = YES;
				CLANG_WARN_DEPRECATED_OBJC_IMPLEMENTATIONS = YES;
				CLANG_WARN_DIRECT_OBJC_ISA_USAGE = YES_ERROR;
				CLANG_WARN_EMPTY_BODY = YES;
				CLANG_WARN_ENUM_CONVERSION = YES;
				CLANG_WARN_INFINITE_RECURSION = YES;
				CLANG_WARN_INT_CONVERSION = YES;
				CLANG_WARN_NON_LITERAL_NULL_CONVERSION = YES;
				CLANG_WARN_OBJC_IMPLICIT_RETAIN_SELF = YES;
				CLANG_WARN_OBJC_LITERAL_CONVERSION = YES;
				CLANG_WARN_OBJC_ROOT_CLASS = YES_ERROR;
				CLANG_WARN_QUOTED_INCLUDE_IN_FRAMEWORK_HEADER = YES;
				CLANG_WARN_RANGE_LOOP_ANALYSIS = YES;
				CLANG_WARN_STRICT_PROTOTYPES = YES;
				CLANG_WARN_SUSPICIOUS_MOVE = YES;
				CLANG_WARN_UNREACHABLE_CODE = YES;
				CLANG_WARN__DUPLICATE_METHOD_MATCH = YES;
				"CODE_SIGN_IDENTITY[sdk=iphoneos*]" = "iPhone Developer";
				COPY_PHASE_STRIP = YES;
				ENABLE_NS_ASSERTIONS = NO;
				ENABLE_STRICT_OBJC_MSGSEND = YES;
				"EXCLUDED_ARCHS[sdk=iphonesimulator*]" = "";
				GCC_C_LANGUAGE_STANDARD = gnu99;
				GCC_NO_COMMON_BLOCKS = YES;
				GCC_WARN_64_TO_32_BIT_CONVERSION = YES;
				GCC_WARN_ABOUT_RETURN_TYPE = YES_ERROR;
				GCC_WARN_UNDECLARED_SELECTOR = YES;
				GCC_WARN_UNINITIALIZED_AUTOS = YES_AGGRESSIVE;
				GCC_WARN_UNUSED_FUNCTION = YES;
				GCC_WARN_UNUSED_VARIABLE = YES;
				IPHONEOS_DEPLOYMENT_TARGET = 11.0;
				LD_RUNPATH_SEARCH_PATHS = (
					/usr/lib/swift,
					"$(inherited)",
				);
				LIBRARY_SEARCH_PATHS = (
					"\"$(SDKROOT)/usr/lib/swift\"",
					"\"$(TOOLCHAIN_DIR)/usr/lib/swift/$(PLATFORM_NAME)\"",
					"\"$(inherited)\"",
				);
				MTL_ENABLE_DEBUG_INFO = NO;
				OTHER_CPLUSPLUSFLAGS = (
					"$(OTHER_CFLAGS)",
					"-DFOLLY_NO_CONFIG",
					"-DFOLLY_MOBILE=1",
					"-DFOLLY_USE_LIBCPP=1",
				);
				SDKROOT = iphoneos;
				VALIDATE_PRODUCT = YES;
			};
			name = Release;
		};
/* End XCBuildConfiguration section */

/* Begin XCConfigurationList section */
		00E357021AD99517003FC87E /* Build configuration list for PBXNativeTarget "clientTests" */ = {
			isa = XCConfigurationList;
			buildConfigurations = (
				00E356F61AD99517003FC87E /* Debug */,
				00E356F71AD99517003FC87E /* Release */,
			);
			defaultConfigurationIsVisible = 0;
			defaultConfigurationName = Release;
		};
		13B07F931A680F5B00A75B9A /* Build configuration list for PBXNativeTarget "client" */ = {
			isa = XCConfigurationList;
			buildConfigurations = (
				13B07F941A680F5B00A75B9A /* Debug */,
				13B07F951A680F5B00A75B9A /* Release */,
			);
			defaultConfigurationIsVisible = 0;
			defaultConfigurationName = Release;
		};
		83CBB9FA1A601CBA00E9B192 /* Build configuration list for PBXProject "client" */ = {
			isa = XCConfigurationList;
			buildConfigurations = (
				83CBBA201A601CBA00E9B192 /* Debug */,
				83CBBA211A601CBA00E9B192 /* Release */,
			);
			defaultConfigurationIsVisible = 0;
			defaultConfigurationName = Release;
		};
/* End XCConfigurationList section */
	};
	rootObject = 83CBB9F71A601CBA00E9B192 /* Project object */;
}
